// !$*UTF8*$!
{
	archiveVersion = 1;
	classes = {
	};
	objectVersion = 56;
	objects = {

/* Begin PBXBuildFile section */
		7FD6A0C82B231C5F008F01C7 /* KYLoggerDemoApp.swift in Sources */ = {isa = PBXBuildFile; fileRef = 7FD6A0C72B231C5F008F01C7 /* KYLoggerDemoApp.swift */; };
		7FD6A0CA2B231C5F008F01C7 /* ContentView.swift in Sources */ = {isa = PBXBuildFile; fileRef = 7FD6A0C92B231C5F008F01C7 /* ContentView.swift */; };
		7FD6A0CC2B231C61008F01C7 /* Assets.xcassets in Resources */ = {isa = PBXBuildFile; fileRef = 7FD6A0CB2B231C61008F01C7 /* Assets.xcassets */; };
		7FD6A0D02B231C61008F01C7 /* Preview Assets.xcassets in Resources */ = {isa = PBXBuildFile; fileRef = 7FD6A0CF2B231C61008F01C7 /* Preview Assets.xcassets */; };
		7FD6A0DC2B231D2C008F01C7 /* DemoAppFileLogger.swift in Sources */ = {isa = PBXBuildFile; fileRef = 7FD6A0D92B231D2C008F01C7 /* DemoAppFileLogger.swift */; };
		7FD6A0DD2B231D2C008F01C7 /* UserDefaults+DemoAppFileLogger.swift in Sources */ = {isa = PBXBuildFile; fileRef = 7FD6A0DA2B231D2C008F01C7 /* UserDefaults+DemoAppFileLogger.swift */; };
		7FD6A0DE2B231D2C008F01C7 /* ContentViewModel.swift in Sources */ = {isa = PBXBuildFile; fileRef = 7FD6A0DB2B231D2C008F01C7 /* ContentViewModel.swift */; };
		7FD6A0ED2B231DC4008F01C7 /* KYLogger in Frameworks */ = {isa = PBXBuildFile; productRef = 7FD6A0EC2B231DC4008F01C7 /* KYLogger */; };
/* End PBXBuildFile section */

/* Begin PBXContainerItemProxy section */
		7FD6A0E52B231DA5008F01C7 /* PBXContainerItemProxy */ = {
			isa = PBXContainerItemProxy;
			containerPortal = 7FD6A0E02B231DA5008F01C7 /* KYLogger.xcodeproj */;
			proxyType = 2;
			remoteGlobalIDString = 7F14FDE72AAC602B003A385A;
			remoteInfo = KYLogger;
		};
		7FD6A0E72B231DA5008F01C7 /* PBXContainerItemProxy */ = {
			isa = PBXContainerItemProxy;
			containerPortal = 7FD6A0E02B231DA5008F01C7 /* KYLogger.xcodeproj */;
			proxyType = 2;
			remoteGlobalIDString = 7F14FDF12AAC602B003A385A;
			remoteInfo = KYLoggerTests;
		};
/* End PBXContainerItemProxy section */

/* Begin PBXFileReference section */
		7FD6A0C42B231C5F008F01C7 /* KYLoggerDemo.app */ = {isa = PBXFileReference; explicitFileType = wrapper.application; includeInIndex = 0; path = KYLoggerDemo.app; sourceTree = BUILT_PRODUCTS_DIR; };
		7FD6A0C72B231C5F008F01C7 /* KYLoggerDemoApp.swift */ = {isa = PBXFileReference; lastKnownFileType = sourcecode.swift; path = KYLoggerDemoApp.swift; sourceTree = "<group>"; };
		7FD6A0C92B231C5F008F01C7 /* ContentView.swift */ = {isa = PBXFileReference; lastKnownFileType = sourcecode.swift; path = ContentView.swift; sourceTree = "<group>"; };
		7FD6A0CB2B231C61008F01C7 /* Assets.xcassets */ = {isa = PBXFileReference; lastKnownFileType = folder.assetcatalog; path = Assets.xcassets; sourceTree = "<group>"; };
		7FD6A0CD2B231C61008F01C7 /* KYLoggerDemo.entitlements */ = {isa = PBXFileReference; lastKnownFileType = text.plist.entitlements; path = KYLoggerDemo.entitlements; sourceTree = "<group>"; };
		7FD6A0CF2B231C61008F01C7 /* Preview Assets.xcassets */ = {isa = PBXFileReference; lastKnownFileType = folder.assetcatalog; path = "Preview Assets.xcassets"; sourceTree = "<group>"; };
		7FD6A0D92B231D2C008F01C7 /* DemoAppFileLogger.swift */ = {isa = PBXFileReference; fileEncoding = 4; lastKnownFileType = sourcecode.swift; path = DemoAppFileLogger.swift; sourceTree = "<group>"; };
		7FD6A0DA2B231D2C008F01C7 /* UserDefaults+DemoAppFileLogger.swift */ = {isa = PBXFileReference; fileEncoding = 4; lastKnownFileType = sourcecode.swift; path = "UserDefaults+DemoAppFileLogger.swift"; sourceTree = "<group>"; };
		7FD6A0DB2B231D2C008F01C7 /* ContentViewModel.swift */ = {isa = PBXFileReference; fileEncoding = 4; lastKnownFileType = sourcecode.swift; path = ContentViewModel.swift; sourceTree = "<group>"; };
		7FD6A0E02B231DA5008F01C7 /* KYLogger.xcodeproj */ = {isa = PBXFileReference; lastKnownFileType = "wrapper.pb-project"; name = KYLogger.xcodeproj; path = ../../KYLogger.xcodeproj; sourceTree = "<group>"; };
		7FD6A0E92B231DAD008F01C7 /* KYLogger */ = {isa = PBXFileReference; lastKnownFileType = wrapper; name = KYLogger; path = ../..; sourceTree = "<group>"; };
/* End PBXFileReference section */

/* Begin PBXFrameworksBuildPhase section */
		7FD6A0C12B231C5F008F01C7 /* Frameworks */ = {
			isa = PBXFrameworksBuildPhase;
			buildActionMask = 2147483647;
			files = (
				7FD6A0ED2B231DC4008F01C7 /* KYLogger in Frameworks */,
			);
			runOnlyForDeploymentPostprocessing = 0;
		};
/* End PBXFrameworksBuildPhase section */

/* Begin PBXGroup section */
		7FD6A0BB2B231C5F008F01C7 = {
			isa = PBXGroup;
			children = (
				7FD6A0C62B231C5F008F01C7 /* KYLoggerDemo */,
				7FD6A0DF2B231D80008F01C7 /* KYLogger */,
				7FD6A0C52B231C5F008F01C7 /* Products */,
				7FD6A0EB2B231DC4008F01C7 /* Frameworks */,
			);
			sourceTree = "<group>";
		};
		7FD6A0C52B231C5F008F01C7 /* Products */ = {
			isa = PBXGroup;
			children = (
				7FD6A0C42B231C5F008F01C7 /* KYLoggerDemo.app */,
			);
			name = Products;
			sourceTree = "<group>";
		};
		7FD6A0C62B231C5F008F01C7 /* KYLoggerDemo */ = {
			isa = PBXGroup;
			children = (
				7FD6A0C72B231C5F008F01C7 /* KYLoggerDemoApp.swift */,
				7FD6A0C92B231C5F008F01C7 /* ContentView.swift */,
				7FD6A0DB2B231D2C008F01C7 /* ContentViewModel.swift */,
				7FD6A0D82B231D2C008F01C7 /* DemoAppFileLogger */,
				7FD6A0CB2B231C61008F01C7 /* Assets.xcassets */,
				7FD6A0CD2B231C61008F01C7 /* KYLoggerDemo.entitlements */,
				7FD6A0CE2B231C61008F01C7 /* Preview Content */,
			);
			path = KYLoggerDemo;
			sourceTree = "<group>";
		};
		7FD6A0CE2B231C61008F01C7 /* Preview Content */ = {
			isa = PBXGroup;
			children = (
				7FD6A0CF2B231C61008F01C7 /* Preview Assets.xcassets */,
			);
			path = "Preview Content";
			sourceTree = "<group>";
		};
		7FD6A0D82B231D2C008F01C7 /* DemoAppFileLogger */ = {
			isa = PBXGroup;
			children = (
				7FD6A0D92B231D2C008F01C7 /* DemoAppFileLogger.swift */,
				7FD6A0DA2B231D2C008F01C7 /* UserDefaults+DemoAppFileLogger.swift */,
			);
			path = DemoAppFileLogger;
			sourceTree = "<group>";
		};
		7FD6A0DF2B231D80008F01C7 /* KYLogger */ = {
			isa = PBXGroup;
			children = (
				7FD6A0E02B231DA5008F01C7 /* KYLogger.xcodeproj */,
				7FD6A0E92B231DAD008F01C7 /* KYLogger */,
			);
			path = KYLogger;
			sourceTree = "<group>";
		};
		7FD6A0E12B231DA5008F01C7 /* Products */ = {
			isa = PBXGroup;
			children = (
				7FD6A0E62B231DA5008F01C7 /* KYLogger.framework */,
				7FD6A0E82B231DA5008F01C7 /* KYLoggerTests.xctest */,
			);
			name = Products;
			sourceTree = "<group>";
		};
		7FD6A0EB2B231DC4008F01C7 /* Frameworks */ = {
			isa = PBXGroup;
			children = (
			);
			name = Frameworks;
			sourceTree = "<group>";
		};
/* End PBXGroup section */

/* Begin PBXNativeTarget section */
		7FD6A0C32B231C5F008F01C7 /* KYLoggerDemo */ = {
			isa = PBXNativeTarget;
			buildConfigurationList = 7FD6A0D32B231C61008F01C7 /* Build configuration list for PBXNativeTarget "KYLoggerDemo" */;
			buildPhases = (
				7FD6A0C02B231C5F008F01C7 /* Sources */,
				7FD6A0C12B231C5F008F01C7 /* Frameworks */,
				7FD6A0C22B231C5F008F01C7 /* Resources */,
			);
			buildRules = (
			);
			dependencies = (
			);
			name = KYLoggerDemo;
			packageProductDependencies = (
				7FD6A0EC2B231DC4008F01C7 /* KYLogger */,
			);
			productName = KYLoggerDemo;
			productReference = 7FD6A0C42B231C5F008F01C7 /* KYLoggerDemo.app */;
			productType = "com.apple.product-type.application";
		};
/* End PBXNativeTarget section */

/* Begin PBXProject section */
		7FD6A0BC2B231C5F008F01C7 /* Project object */ = {
			isa = PBXProject;
			attributes = {
				BuildIndependentTargetsInParallel = 1;
				LastSwiftUpdateCheck = 1500;
				LastUpgradeCheck = 1500;
				TargetAttributes = {
					7FD6A0C32B231C5F008F01C7 = {
						CreatedOnToolsVersion = 15.0;
					};
				};
			};
			buildConfigurationList = 7FD6A0BF2B231C5F008F01C7 /* Build configuration list for PBXProject "KYLoggerDemo" */;
			compatibilityVersion = "Xcode 14.0";
			developmentRegion = en;
			hasScannedForEncodings = 0;
			knownRegions = (
				en,
				Base,
			);
			mainGroup = 7FD6A0BB2B231C5F008F01C7;
			productRefGroup = 7FD6A0C52B231C5F008F01C7 /* Products */;
			projectDirPath = "";
			projectReferences = (
				{
					ProductGroup = 7FD6A0E12B231DA5008F01C7 /* Products */;
					ProjectRef = 7FD6A0E02B231DA5008F01C7 /* KYLogger.xcodeproj */;
				},
			);
			projectRoot = "";
			targets = (
				7FD6A0C32B231C5F008F01C7 /* KYLoggerDemo */,
			);
		};
/* End PBXProject section */

/* Begin PBXReferenceProxy section */
		7FD6A0E62B231DA5008F01C7 /* KYLogger.framework */ = {
			isa = PBXReferenceProxy;
			fileType = wrapper.framework;
			path = KYLogger.framework;
			remoteRef = 7FD6A0E52B231DA5008F01C7 /* PBXContainerItemProxy */;
			sourceTree = BUILT_PRODUCTS_DIR;
		};
		7FD6A0E82B231DA5008F01C7 /* KYLoggerTests.xctest */ = {
			isa = PBXReferenceProxy;
			fileType = wrapper.cfbundle;
			path = KYLoggerTests.xctest;
			remoteRef = 7FD6A0E72B231DA5008F01C7 /* PBXContainerItemProxy */;
			sourceTree = BUILT_PRODUCTS_DIR;
		};
/* End PBXReferenceProxy section */

/* Begin PBXResourcesBuildPhase section */
		7FD6A0C22B231C5F008F01C7 /* Resources */ = {
			isa = PBXResourcesBuildPhase;
			buildActionMask = 2147483647;
			files = (
				7FD6A0D02B231C61008F01C7 /* Preview Assets.xcassets in Resources */,
				7FD6A0CC2B231C61008F01C7 /* Assets.xcassets in Resources */,
			);
			runOnlyForDeploymentPostprocessing = 0;
		};
/* End PBXResourcesBuildPhase section */

/* Begin PBXSourcesBuildPhase section */
		7FD6A0C02B231C5F008F01C7 /* Sources */ = {
			isa = PBXSourcesBuildPhase;
			buildActionMask = 2147483647;
			files = (
				7FD6A0CA2B231C5F008F01C7 /* ContentView.swift in Sources */,
				7FD6A0DC2B231D2C008F01C7 /* DemoAppFileLogger.swift in Sources */,
				7FD6A0C82B231C5F008F01C7 /* KYLoggerDemoApp.swift in Sources */,
				7FD6A0DD2B231D2C008F01C7 /* UserDefaults+DemoAppFileLogger.swift in Sources */,
				7FD6A0DE2B231D2C008F01C7 /* ContentViewModel.swift in Sources */,
			);
			runOnlyForDeploymentPostprocessing = 0;
		};
/* End PBXSourcesBuildPhase section */

/* Begin XCBuildConfiguration section */
		7FD6A0D12B231C61008F01C7 /* Debug */ = {
			isa = XCBuildConfiguration;
			buildSettings = {
				ALWAYS_SEARCH_USER_PATHS = NO;
				ASSETCATALOG_COMPILER_GENERATE_SWIFT_ASSET_SYMBOL_EXTENSIONS = YES;
				CLANG_ANALYZER_NONNULL = YES;
				CLANG_ANALYZER_NUMBER_OBJECT_CONVERSION = YES_AGGRESSIVE;
				CLANG_CXX_LANGUAGE_STANDARD = "gnu++20";
				CLANG_ENABLE_MODULES = YES;
				CLANG_ENABLE_OBJC_ARC = YES;
				CLANG_ENABLE_OBJC_WEAK = YES;
				CLANG_WARN_BLOCK_CAPTURE_AUTORELEASING = YES;
				CLANG_WARN_BOOL_CONVERSION = YES;
				CLANG_WARN_COMMA = YES;
				CLANG_WARN_CONSTANT_CONVERSION = YES;
				CLANG_WARN_DEPRECATED_OBJC_IMPLEMENTATIONS = YES;
				CLANG_WARN_DIRECT_OBJC_ISA_USAGE = YES_ERROR;
				CLANG_WARN_DOCUMENTATION_COMMENTS = YES;
				CLANG_WARN_EMPTY_BODY = YES;
				CLANG_WARN_ENUM_CONVERSION = YES;
				CLANG_WARN_INFINITE_RECURSION = YES;
				CLANG_WARN_INT_CONVERSION = YES;
				CLANG_WARN_NON_LITERAL_NULL_CONVERSION = YES;
				CLANG_WARN_OBJC_IMPLICIT_RETAIN_SELF = YES;
				CLANG_WARN_OBJC_LITERAL_CONVERSION = YES;
				CLANG_WARN_OBJC_ROOT_CLASS = YES_ERROR;
				CLANG_WARN_QUOTED_INCLUDE_IN_FRAMEWORK_HEADER = YES;
				CLANG_WARN_RANGE_LOOP_ANALYSIS = YES;
				CLANG_WARN_STRICT_PROTOTYPES = YES;
				CLANG_WARN_SUSPICIOUS_MOVE = YES;
				CLANG_WARN_UNGUARDED_AVAILABILITY = YES_AGGRESSIVE;
				CLANG_WARN_UNREACHABLE_CODE = YES;
				CLANG_WARN__DUPLICATE_METHOD_MATCH = YES;
				COPY_PHASE_STRIP = NO;
				DEBUG_INFORMATION_FORMAT = dwarf;
				ENABLE_STRICT_OBJC_MSGSEND = YES;
				ENABLE_TESTABILITY = YES;
				ENABLE_USER_SCRIPT_SANDBOXING = YES;
				GCC_C_LANGUAGE_STANDARD = gnu17;
				GCC_DYNAMIC_NO_PIC = NO;
				GCC_NO_COMMON_BLOCKS = YES;
				GCC_OPTIMIZATION_LEVEL = 0;
				GCC_PREPROCESSOR_DEFINITIONS = (
					"DEBUG=1",
					"$(inherited)",
				);
				GCC_WARN_64_TO_32_BIT_CONVERSION = YES;
				GCC_WARN_ABOUT_RETURN_TYPE = YES_ERROR;
				GCC_WARN_UNDECLARED_SELECTOR = YES;
				GCC_WARN_UNINITIALIZED_AUTOS = YES_AGGRESSIVE;
				GCC_WARN_UNUSED_FUNCTION = YES;
				GCC_WARN_UNUSED_VARIABLE = YES;
				IPHONEOS_DEPLOYMENT_TARGET = 15.5;
				LOCALIZATION_PREFERS_STRING_CATALOGS = YES;
				MACOSX_DEPLOYMENT_TARGET = 13.0;
				MTL_ENABLE_DEBUG_INFO = INCLUDE_SOURCE;
				MTL_FAST_MATH = YES;
				ONLY_ACTIVE_ARCH = YES;
				SWIFT_ACTIVE_COMPILATION_CONDITIONS = "DEBUG $(inherited)";
				SWIFT_OPTIMIZATION_LEVEL = "-Onone";
			};
			name = Debug;
		};
		7FD6A0D22B231C61008F01C7 /* Release */ = {
			isa = XCBuildConfiguration;
			buildSettings = {
				ALWAYS_SEARCH_USER_PATHS = NO;
				ASSETCATALOG_COMPILER_GENERATE_SWIFT_ASSET_SYMBOL_EXTENSIONS = YES;
				CLANG_ANALYZER_NONNULL = YES;
				CLANG_ANALYZER_NUMBER_OBJECT_CONVERSION = YES_AGGRESSIVE;
				CLANG_CXX_LANGUAGE_STANDARD = "gnu++20";
				CLANG_ENABLE_MODULES = YES;
				CLANG_ENABLE_OBJC_ARC = YES;
				CLANG_ENABLE_OBJC_WEAK = YES;
				CLANG_WARN_BLOCK_CAPTURE_AUTORELEASING = YES;
				CLANG_WARN_BOOL_CONVERSION = YES;
				CLANG_WARN_COMMA = YES;
				CLANG_WARN_CONSTANT_CONVERSION = YES;
				CLANG_WARN_DEPRECATED_OBJC_IMPLEMENTATIONS = YES;
				CLANG_WARN_DIRECT_OBJC_ISA_USAGE = YES_ERROR;
				CLANG_WARN_DOCUMENTATION_COMMENTS = YES;
				CLANG_WARN_EMPTY_BODY = YES;
				CLANG_WARN_ENUM_CONVERSION = YES;
				CLANG_WARN_INFINITE_RECURSION = YES;
				CLANG_WARN_INT_CONVERSION = YES;
				CLANG_WARN_NON_LITERAL_NULL_CONVERSION = YES;
				CLANG_WARN_OBJC_IMPLICIT_RETAIN_SELF = YES;
				CLANG_WARN_OBJC_LITERAL_CONVERSION = YES;
				CLANG_WARN_OBJC_ROOT_CLASS = YES_ERROR;
				CLANG_WARN_QUOTED_INCLUDE_IN_FRAMEWORK_HEADER = YES;
				CLANG_WARN_RANGE_LOOP_ANALYSIS = YES;
				CLANG_WARN_STRICT_PROTOTYPES = YES;
				CLANG_WARN_SUSPICIOUS_MOVE = YES;
				CLANG_WARN_UNGUARDED_AVAILABILITY = YES_AGGRESSIVE;
				CLANG_WARN_UNREACHABLE_CODE = YES;
				CLANG_WARN__DUPLICATE_METHOD_MATCH = YES;
				COPY_PHASE_STRIP = NO;
				DEBUG_INFORMATION_FORMAT = "dwarf-with-dsym";
				ENABLE_NS_ASSERTIONS = NO;
				ENABLE_STRICT_OBJC_MSGSEND = YES;
				ENABLE_USER_SCRIPT_SANDBOXING = YES;
				GCC_C_LANGUAGE_STANDARD = gnu17;
				GCC_NO_COMMON_BLOCKS = YES;
				GCC_WARN_64_TO_32_BIT_CONVERSION = YES;
				GCC_WARN_ABOUT_RETURN_TYPE = YES_ERROR;
				GCC_WARN_UNDECLARED_SELECTOR = YES;
				GCC_WARN_UNINITIALIZED_AUTOS = YES_AGGRESSIVE;
				GCC_WARN_UNUSED_FUNCTION = YES;
				GCC_WARN_UNUSED_VARIABLE = YES;
				IPHONEOS_DEPLOYMENT_TARGET = 15.5;
				LOCALIZATION_PREFERS_STRING_CATALOGS = YES;
				MACOSX_DEPLOYMENT_TARGET = 13.0;
				MTL_ENABLE_DEBUG_INFO = NO;
				MTL_FAST_MATH = YES;
				SWIFT_COMPILATION_MODE = wholemodule;
			};
			name = Release;
		};
		7FD6A0D42B231C61008F01C7 /* Debug */ = {
			isa = XCBuildConfiguration;
			buildSettings = {
				ASSETCATALOG_COMPILER_APPICON_NAME = AppIcon;
				ASSETCATALOG_COMPILER_GLOBAL_ACCENT_COLOR_NAME = AccentColor;
				CODE_SIGN_ENTITLEMENTS = KYLoggerDemo/KYLoggerDemo.entitlements;
				CODE_SIGN_STYLE = Automatic;
				CURRENT_PROJECT_VERSION = 1;
				DEVELOPMENT_ASSET_PATHS = "\"KYLoggerDemo/Preview Content\"";
				ENABLE_PREVIEWS = YES;
				GENERATE_INFOPLIST_FILE = YES;
				"INFOPLIST_KEY_UIApplicationSceneManifest_Generation[sdk=iphoneos*]" = YES;
				"INFOPLIST_KEY_UIApplicationSceneManifest_Generation[sdk=iphonesimulator*]" = YES;
				"INFOPLIST_KEY_UIApplicationSupportsIndirectInputEvents[sdk=iphoneos*]" = YES;
				"INFOPLIST_KEY_UIApplicationSupportsIndirectInputEvents[sdk=iphonesimulator*]" = YES;
				"INFOPLIST_KEY_UILaunchScreen_Generation[sdk=iphoneos*]" = YES;
				"INFOPLIST_KEY_UILaunchScreen_Generation[sdk=iphonesimulator*]" = YES;
				"INFOPLIST_KEY_UIStatusBarStyle[sdk=iphoneos*]" = UIStatusBarStyleDefault;
				"INFOPLIST_KEY_UIStatusBarStyle[sdk=iphonesimulator*]" = UIStatusBarStyleDefault;
				INFOPLIST_KEY_UISupportedInterfaceOrientations_iPad = "UIInterfaceOrientationPortrait UIInterfaceOrientationPortraitUpsideDown UIInterfaceOrientationLandscapeLeft UIInterfaceOrientationLandscapeRight";
				INFOPLIST_KEY_UISupportedInterfaceOrientations_iPhone = "UIInterfaceOrientationPortrait UIInterfaceOrientationLandscapeLeft UIInterfaceOrientationLandscapeRight";
				LD_RUNPATH_SEARCH_PATHS = "@executable_path/Frameworks";
				"LD_RUNPATH_SEARCH_PATHS[sdk=macosx*]" = "@executable_path/../Frameworks";
				MARKETING_VERSION = 1.0;
				PRODUCT_BUNDLE_IDENTIFIER = com.kjuly.KYLoggerDemo;
				PRODUCT_NAME = "$(TARGET_NAME)";
				SDKROOT = auto;
				SUPPORTED_PLATFORMS = "iphoneos iphonesimulator macosx";
				SUPPORTS_MACCATALYST = YES;
				SUPPORTS_MAC_DESIGNED_FOR_IPHONE_IPAD = YES;
				SWIFT_EMIT_LOC_STRINGS = YES;
				SWIFT_VERSION = 5.0;
				TARGETED_DEVICE_FAMILY = "1,2";
			};
			name = Debug;
		};
		7FD6A0D52B231C61008F01C7 /* Release */ = {
			isa = XCBuildConfiguration;
			buildSettings = {
				ASSETCATALOG_COMPILER_APPICON_NAME = AppIcon;
				ASSETCATALOG_COMPILER_GLOBAL_ACCENT_COLOR_NAME = AccentColor;
				CODE_SIGN_ENTITLEMENTS = KYLoggerDemo/KYLoggerDemo.entitlements;
				CODE_SIGN_STYLE = Automatic;
				CURRENT_PROJECT_VERSION = 1;
				DEVELOPMENT_ASSET_PATHS = "\"KYLoggerDemo/Preview Content\"";
				ENABLE_PREVIEWS = YES;
				GENERATE_INFOPLIST_FILE = YES;
				"INFOPLIST_KEY_UIApplicationSceneManifest_Generation[sdk=iphoneos*]" = YES;
				"INFOPLIST_KEY_UIApplicationSceneManifest_Generation[sdk=iphonesimulator*]" = YES;
				"INFOPLIST_KEY_UIApplicationSupportsIndirectInputEvents[sdk=iphoneos*]" = YES;
				"INFOPLIST_KEY_UIApplicationSupportsIndirectInputEvents[sdk=iphonesimulator*]" = YES;
				"INFOPLIST_KEY_UILaunchScreen_Generation[sdk=iphoneos*]" = YES;
				"INFOPLIST_KEY_UILaunchScreen_Generation[sdk=iphonesimulator*]" = YES;
				"INFOPLIST_KEY_UIStatusBarStyle[sdk=iphoneos*]" = UIStatusBarStyleDefault;
				"INFOPLIST_KEY_UIStatusBarStyle[sdk=iphonesimulator*]" = UIStatusBarStyleDefault;
				INFOPLIST_KEY_UISupportedInterfaceOrientations_iPad = "UIInterfaceOrientationPortrait UIInterfaceOrientationPortraitUpsideDown UIInterfaceOrientationLandscapeLeft UIInterfaceOrientationLandscapeRight";
				INFOPLIST_KEY_UISupportedInterfaceOrientations_iPhone = "UIInterfaceOrientationPortrait UIInterfaceOrientationLandscapeLeft UIInterfaceOrientationLandscapeRight";
				LD_RUNPATH_SEARCH_PATHS = "@executable_path/Frameworks";
				"LD_RUNPATH_SEARCH_PATHS[sdk=macosx*]" = "@executable_path/../Frameworks";
				MARKETING_VERSION = 1.0;
				PRODUCT_BUNDLE_IDENTIFIER = com.kjuly.KYLoggerDemo;
				PRODUCT_NAME = "$(TARGET_NAME)";
				SDKROOT = auto;
				SUPPORTED_PLATFORMS = "iphoneos iphonesimulator macosx";
				SUPPORTS_MACCATALYST = YES;
				SUPPORTS_MAC_DESIGNED_FOR_IPHONE_IPAD = YES;
				SWIFT_EMIT_LOC_STRINGS = YES;
				SWIFT_VERSION = 5.0;
				TARGETED_DEVICE_FAMILY = "1,2";
			};
			name = Release;
		};
/* End XCBuildConfiguration section */

/* Begin XCConfigurationList section */
		7FD6A0BF2B231C5F008F01C7 /* Build configuration list for PBXProject "KYLoggerDemo" */ = {
			isa = XCConfigurationList;
			buildConfigurations = (
				7FD6A0D12B231C61008F01C7 /* Debug */,
				7FD6A0D22B231C61008F01C7 /* Release */,
			);
			defaultConfigurationIsVisible = 0;
			defaultConfigurationName = Debug;
		};
		7FD6A0D32B231C61008F01C7 /* Build configuration list for PBXNativeTarget "KYLoggerDemo" */ = {
			isa = XCConfigurationList;
			buildConfigurations = (
				7FD6A0D42B231C61008F01C7 /* Debug */,
				7FD6A0D52B231C61008F01C7 /* Release */,
			);
			defaultConfigurationIsVisible = 0;
			defaultConfigurationName = Debug;
		};
/* End XCConfigurationList section */

/* Begin XCSwiftPackageProductDependency section */
		7FD6A0EC2B231DC4008F01C7 /* KYLogger */ = {
			isa = XCSwiftPackageProductDependency;
			productName = KYLogger;
		};
/* End XCSwiftPackageProductDependency section */
	};
	rootObject = 7FD6A0BC2B231C5F008F01C7 /* Project object */;
}
